
Microsoft Visual Studio Solution File, Format Version 12.00
# Visual Studio Version 17
VisualStudioVersion = 17.4.33205.214
MinimumVisualStudioVersion = 10.0.40219.1
Project("{9A19103F-16F7-4668-BE54-9A1E7A4F7556}") = "RealEstateDapperAPI", "RealEstateDapperAPI\RealEstateDapperAPI.csproj", "{C93570F1-6013-4458-A1AA-BF7709B04759}"
EndProject
Project("{FAE04EC0-301F-11D3-BF4B-00C04F79EFBC}") = "RealEstateDapperUI", "RealEstateDapperUI\RealEstateDapperUI.csproj", "{167A8EDD-9C8B-4B63-AA36-0DB7CE9DF3A8}"
EndProject
Global
	GlobalSection(SolutionConfigurationPlatforms) = preSolution
		Debug|Any CPU = Debug|Any CPU
		Release|Any CPU = Release|Any CPU
	EndGlobalSection
	GlobalSection(ProjectConfigurationPlatforms) = postSolution
		{C93570F1-6013-4458-A1AA-BF7709B04759}.Debug|Any CPU.ActiveCfg = Debug|Any CPU
		{C93570F1-6013-4458-A1AA-BF7709B04759}.Debug|Any CPU.Build.0 = Debug|Any CPU
		{C93570F1-6013-4458-A1AA-BF7709B04759}.Release|Any CPU.ActiveCfg = Release|Any CPU
		{C93570F1-6013-4458-A1AA-BF7709B04759}.Release|Any CPU.Build.0 = Release|Any CPU
		{167A8EDD-9C8B-4B63-AA36-0DB7CE9DF3A8}.Debug|Any CPU.ActiveCfg = Debug|Any CPU
		{167A8EDD-9C8B-4B63-AA36-0DB7CE9DF3A8}.Debug|Any CPU.Build.0 = Debug|Any CPU
		{167A8EDD-9C8B-4B63-AA36-0DB7CE9DF3A8}.Release|Any CPU.ActiveCfg = Release|Any CPU
		{167A8EDD-9C8B-4B63-AA36-0DB7CE9DF3A8}.Release|Any CPU.Build.0 = Release|Any CPU
	EndGlobalSection
	GlobalSection(SolutionProperties) = preSolution
		HideSolutionNode = FALSE
	EndGlobalSection
	GlobalSection(ExtensibilityGlobals) = postSolution
		SolutionGuid = {30B273A5-446B-447F-9A08-39DD753F052C}
	EndGlobalSection
EndGlobal
